// !$*UTF8*$!
{
	archiveVersion = 1;
	classes = {
	};
	objectVersion = 52;
	objects = {

/* Begin PBXBuildFile section */
		EF0697EC267CC468007701C7 /* AlertView.swift in Sources */ = {isa = PBXBuildFile; fileRef = EF0697EB267CC468007701C7 /* AlertView.swift */; };
		EF69083D267CA2C800F8ECDE /* FirebaseAppDistribution-Beta in Frameworks */ = {isa = PBXBuildFile; productRef = EF69083C267CA2C800F8ECDE /* FirebaseAppDistribution-Beta */; };
		EF69083F267CA2C800F8ECDE /* FirebaseInAppMessaging-Beta in Frameworks */ = {isa = PBXBuildFile; productRef = EF69083E267CA2C800F8ECDE /* FirebaseInAppMessaging-Beta */; };
		EF690841267CA2C800F8ECDE /* FirebaseAnalyticsWithoutAdIdSupport in Frameworks */ = {isa = PBXBuildFile; productRef = EF690840267CA2C800F8ECDE /* FirebaseAnalyticsWithoutAdIdSupport */; };
		EF690843267CA2C800F8ECDE /* FirebaseAnalyticsSwift-Beta in Frameworks */ = {isa = PBXBuildFile; productRef = EF690842267CA2C800F8ECDE /* FirebaseAnalyticsSwift-Beta */; };
		EF690845267CA2C800F8ECDE /* FirebaseFirestore in Frameworks */ = {isa = PBXBuildFile; productRef = EF690844267CA2C800F8ECDE /* FirebaseFirestore */; };
		EF690847267CA2C800F8ECDE /* FirebaseInstallations in Frameworks */ = {isa = PBXBuildFile; productRef = EF690846267CA2C800F8ECDE /* FirebaseInstallations */; };
		EF690849267CA2C800F8ECDE /* FirebaseDatabase in Frameworks */ = {isa = PBXBuildFile; productRef = EF690848267CA2C800F8ECDE /* FirebaseDatabase */; };
		EF69084B267CA2C800F8ECDE /* FirebaseFirestoreSwift-Beta in Frameworks */ = {isa = PBXBuildFile; productRef = EF69084A267CA2C800F8ECDE /* FirebaseFirestoreSwift-Beta */; };
		EF69084D267CA2C800F8ECDE /* FirebaseAnalytics in Frameworks */ = {isa = PBXBuildFile; productRef = EF69084C267CA2C800F8ECDE /* FirebaseAnalytics */; };
		EF69084F267CA2C800F8ECDE /* FirebaseRemoteConfig in Frameworks */ = {isa = PBXBuildFile; productRef = EF69084E267CA2C800F8ECDE /* FirebaseRemoteConfig */; };
		EF690851267CA2C800F8ECDE /* FirebaseAppCheck in Frameworks */ = {isa = PBXBuildFile; productRef = EF690850267CA2C800F8ECDE /* FirebaseAppCheck */; };
		EF690853267CA2C800F8ECDE /* FirebaseStorageSwift-Beta in Frameworks */ = {isa = PBXBuildFile; productRef = EF690852267CA2C800F8ECDE /* FirebaseStorageSwift-Beta */; };
		EF690855267CA2C800F8ECDE /* FirebaseAuth in Frameworks */ = {isa = PBXBuildFile; productRef = EF690854267CA2C800F8ECDE /* FirebaseAuth */; };
		EF690857267CA2C800F8ECDE /* FirebaseInAppMessagingSwift-Beta in Frameworks */ = {isa = PBXBuildFile; productRef = EF690856267CA2C800F8ECDE /* FirebaseInAppMessagingSwift-Beta */; };
		EF690859267CA2C800F8ECDE /* FirebaseDatabaseSwift-Beta in Frameworks */ = {isa = PBXBuildFile; productRef = EF690858267CA2C800F8ECDE /* FirebaseDatabaseSwift-Beta */; };
		EF69085B267CA2C800F8ECDE /* FirebaseMLModelDownloader in Frameworks */ = {isa = PBXBuildFile; productRef = EF69085A267CA2C800F8ECDE /* FirebaseMLModelDownloader */; };
		EF69085D267CA2C800F8ECDE /* FirebaseMessaging in Frameworks */ = {isa = PBXBuildFile; productRef = EF69085C267CA2C800F8ECDE /* FirebaseMessaging */; };
		EF69085F267CA2C800F8ECDE /* FirebaseCrashlytics in Frameworks */ = {isa = PBXBuildFile; productRef = EF69085E267CA2C800F8ECDE /* FirebaseCrashlytics */; };
		EF690861267CA2C800F8ECDE /* FirebaseStorage in Frameworks */ = {isa = PBXBuildFile; productRef = EF690860267CA2C800F8ECDE /* FirebaseStorage */; };
		EF690863267CA2C800F8ECDE /* FirebaseDynamicLinks in Frameworks */ = {isa = PBXBuildFile; productRef = EF690862267CA2C800F8ECDE /* FirebaseDynamicLinks */; };
		EF690865267CA2C800F8ECDE /* FirebaseFunctions in Frameworks */ = {isa = PBXBuildFile; productRef = EF690864267CA2C800F8ECDE /* FirebaseFunctions */; };
		EF9BD5BD267BE44900971109 /* Login.swift in Sources */ = {isa = PBXBuildFile; fileRef = EF9BD5BC267BE44900971109 /* Login.swift */; };
		EF9BD5BF267BE5D900971109 /* LoginViewModel.swift in Sources */ = {isa = PBXBuildFile; fileRef = EF9BD5BE267BE5D900971109 /* LoginViewModel.swift */; };
		EF9BD5C1267BEA2200971109 /* Countries.swift in Sources */ = {isa = PBXBuildFile; fileRef = EF9BD5C0267BEA2200971109 /* Countries.swift */; };
		EFB3EE78267A3E73003BDA1C /* HomeUtlityApp.swift in Sources */ = {isa = PBXBuildFile; fileRef = EFB3EE77267A3E73003BDA1C /* HomeUtlityApp.swift */; };
		EFB3EE7A267A3E73003BDA1C /* ContentView.swift in Sources */ = {isa = PBXBuildFile; fileRef = EFB3EE79267A3E73003BDA1C /* ContentView.swift */; };
		EFB3EE7F267A3E73003BDA1C /* Preview Assets.xcassets in Resources */ = {isa = PBXBuildFile; fileRef = EFB3EE7E267A3E73003BDA1C /* Preview Assets.xcassets */; };
		EFB3EE8A267A3E74003BDA1C /* HomeUtlityTests.swift in Sources */ = {isa = PBXBuildFile; fileRef = EFB3EE89267A3E74003BDA1C /* HomeUtlityTests.swift */; };
		EFB3EE95267A3E74003BDA1C /* HomeUtlityUITests.swift in Sources */ = {isa = PBXBuildFile; fileRef = EFB3EE94267A3E74003BDA1C /* HomeUtlityUITests.swift */; };
		EFB3EEA3267A3F79003BDA1C /* Launch Screen.storyboard in Resources */ = {isa = PBXBuildFile; fileRef = EFB3EEA2267A3F79003BDA1C /* Launch Screen.storyboard */; };
		EFB3EEA9267A5F43003BDA1C /* ViewRouter.swift in Sources */ = {isa = PBXBuildFile; fileRef = EFB3EEA8267A5F43003BDA1C /* ViewRouter.swift */; };
		EFB3EEAD267A72FE003BDA1C /* CustomTabBar.swift in Sources */ = {isa = PBXBuildFile; fileRef = EFB3EEAC267A72FE003BDA1C /* CustomTabBar.swift */; };
		EFB3EEAF267A9825003BDA1C /* HomePage.swift in Sources */ = {isa = PBXBuildFile; fileRef = EFB3EEAE267A9825003BDA1C /* HomePage.swift */; };
		EFB3EEB1267A9D8B003BDA1C /* ProfilePage.swift in Sources */ = {isa = PBXBuildFile; fileRef = EFB3EEB0267A9D8B003BDA1C /* ProfilePage.swift */; };
		EFB3EEB3267AA414003BDA1C /* ReminderView.swift in Sources */ = {isa = PBXBuildFile; fileRef = EFB3EEB2267AA414003BDA1C /* ReminderView.swift */; };
		EFB3EEB8267AA94A003BDA1C /* FamilyMemberView.swift in Sources */ = {isa = PBXBuildFile; fileRef = EFB3EEB7267AA94A003BDA1C /* FamilyMemberView.swift */; };
		EFB3EEBC267AAA5B003BDA1C /* WarrantyCardView.swift in Sources */ = {isa = PBXBuildFile; fileRef = EFB3EEBB267AAA5B003BDA1C /* WarrantyCardView.swift */; };
		EFB3EEBE267AB029003BDA1C /* FamilyMemberPage.swift in Sources */ = {isa = PBXBuildFile; fileRef = EFB3EEBD267AB029003BDA1C /* FamilyMemberPage.swift */; };
		EFB3EEC0267AB095003BDA1C /* WarrantyCardPage.swift in Sources */ = {isa = PBXBuildFile; fileRef = EFB3EEBF267AB095003BDA1C /* WarrantyCardPage.swift */; };
		EFB3EEC8267AB1CB003BDA1C /* PolicyView.swift in Sources */ = {isa = PBXBuildFile; fileRef = EFB3EEC7267AB1CB003BDA1C /* PolicyView.swift */; };
		EFB3EECA267AB2F1003BDA1C /* PolicyPage.swift in Sources */ = {isa = PBXBuildFile; fileRef = EFB3EEC9267AB2F1003BDA1C /* PolicyPage.swift */; };
		EFB3EECE267AB534003BDA1C /* AddReminderView.swift in Sources */ = {isa = PBXBuildFile; fileRef = EFB3EECD267AB534003BDA1C /* AddReminderView.swift */; };
		EFB3EED0267AB543003BDA1C /* AddReminderPage.swift in Sources */ = {isa = PBXBuildFile; fileRef = EFB3EECF267AB543003BDA1C /* AddReminderPage.swift */; };
		EFF4121C267BF5B100D1B2B6 /* Verification.swift in Sources */ = {isa = PBXBuildFile; fileRef = EFF4121B267BF5B100D1B2B6 /* Verification.swift */; };
		EFF4121E267BFE9900D1B2B6 /* CustomNumberPad.swift in Sources */ = {isa = PBXBuildFile; fileRef = EFF4121D267BFE9900D1B2B6 /* CustomNumberPad.swift */; };
		EFF41220267C079700D1B2B6 /* GoogleService-Info.plist in Resources */ = {isa = PBXBuildFile; fileRef = EFF4121F267C079700D1B2B6 /* GoogleService-Info.plist */; };
		EFF75A47267B733D00B470DC /* Assets.xcassets in Resources */ = {isa = PBXBuildFile; fileRef = EFF75A46267B733D00B470DC /* Assets.xcassets */; };
		EFF75A49267B736D00B470DC /* MoneyCard.swift in Sources */ = {isa = PBXBuildFile; fileRef = EFF75A48267B736D00B470DC /* MoneyCard.swift */; };
		EFF75A4F267B7BD600B470DC /* MoneyCardPage.swift in Sources */ = {isa = PBXBuildFile; fileRef = EFF75A4E267B7BD600B470DC /* MoneyCardPage.swift */; };
		EFF75A52267B8F9300B470DC /* CreditCardScanner in Frameworks */ = {isa = PBXBuildFile; productRef = EFF75A51267B8F9300B470DC /* CreditCardScanner */; };
		EFF75A56267B92D900B470DC /* MoneyCardView.swift in Sources */ = {isa = PBXBuildFile; fileRef = EFF75A55267B92D900B470DC /* MoneyCardView.swift */; };
/* End PBXBuildFile section */

/* Begin PBXContainerItemProxy section */
		EFB3EE86267A3E74003BDA1C /* PBXContainerItemProxy */ = {
			isa = PBXContainerItemProxy;
			containerPortal = EFB3EE6C267A3E73003BDA1C /* Project object */;
			proxyType = 1;
			remoteGlobalIDString = EFB3EE73267A3E73003BDA1C;
			remoteInfo = HomeUtlity;
		};
		EFB3EE91267A3E74003BDA1C /* PBXContainerItemProxy */ = {
			isa = PBXContainerItemProxy;
			containerPortal = EFB3EE6C267A3E73003BDA1C /* Project object */;
			proxyType = 1;
			remoteGlobalIDString = EFB3EE73267A3E73003BDA1C;
			remoteInfo = HomeUtlity;
		};
/* End PBXContainerItemProxy section */

/* Begin PBXFileReference section */
		EF0697E7267CAC27007701C7 /* HomeUtlity.app */ = {isa = PBXFileReference; explicitFileType = wrapper.application; includeInIndex = 0; path = HomeUtlity.app; sourceTree = BUILT_PRODUCTS_DIR; };
		EF0697E8267CAC27007701C7 /* HomeUtlityTests.xctest */ = {isa = PBXFileReference; explicitFileType = wrapper.cfbundle; includeInIndex = 0; name = HomeUtlityTests.xctest; path = "/Users/suhasmalhotra/Documents/Swift/HomeUtlity/build/Debug-iphoneos/HomeUtlityTests.xctest"; sourceTree = "<absolute>"; };
		EF0697E9267CAC27007701C7 /* HomeUtlityUITests.xctest */ = {isa = PBXFileReference; explicitFileType = wrapper.cfbundle; includeInIndex = 0; name = HomeUtlityUITests.xctest; path = "/Users/suhasmalhotra/Documents/Swift/HomeUtlity/build/Debug-iphoneos/HomeUtlityUITests.xctest"; sourceTree = "<absolute>"; };
		EF0697EB267CC468007701C7 /* AlertView.swift */ = {isa = PBXFileReference; lastKnownFileType = sourcecode.swift; path = AlertView.swift; sourceTree = "<group>"; };
		EF9BD5BC267BE44900971109 /* Login.swift */ = {isa = PBXFileReference; lastKnownFileType = sourcecode.swift; path = Login.swift; sourceTree = "<group>"; };
		EF9BD5BE267BE5D900971109 /* LoginViewModel.swift */ = {isa = PBXFileReference; lastKnownFileType = sourcecode.swift; path = LoginViewModel.swift; sourceTree = "<group>"; };
		EF9BD5C0267BEA2200971109 /* Countries.swift */ = {isa = PBXFileReference; lastKnownFileType = sourcecode.swift; path = Countries.swift; sourceTree = "<group>"; };
		EFB3EE77267A3E73003BDA1C /* HomeUtlityApp.swift */ = {isa = PBXFileReference; lastKnownFileType = sourcecode.swift; path = HomeUtlityApp.swift; sourceTree = "<group>"; };
		EFB3EE79267A3E73003BDA1C /* ContentView.swift */ = {isa = PBXFileReference; lastKnownFileType = sourcecode.swift; path = ContentView.swift; sourceTree = "<group>"; };
		EFB3EE7E267A3E73003BDA1C /* Preview Assets.xcassets */ = {isa = PBXFileReference; lastKnownFileType = folder.assetcatalog; path = "Preview Assets.xcassets"; sourceTree = "<group>"; };
		EFB3EE80267A3E73003BDA1C /* Info.plist */ = {isa = PBXFileReference; lastKnownFileType = text.plist.xml; path = Info.plist; sourceTree = "<group>"; };
		EFB3EE89267A3E74003BDA1C /* HomeUtlityTests.swift */ = {isa = PBXFileReference; lastKnownFileType = sourcecode.swift; path = HomeUtlityTests.swift; sourceTree = "<group>"; };
		EFB3EE8B267A3E74003BDA1C /* Info.plist */ = {isa = PBXFileReference; lastKnownFileType = text.plist.xml; path = Info.plist; sourceTree = "<group>"; };
		EFB3EE94267A3E74003BDA1C /* HomeUtlityUITests.swift */ = {isa = PBXFileReference; lastKnownFileType = sourcecode.swift; path = HomeUtlityUITests.swift; sourceTree = "<group>"; };
		EFB3EE96267A3E74003BDA1C /* Info.plist */ = {isa = PBXFileReference; lastKnownFileType = text.plist.xml; path = Info.plist; sourceTree = "<group>"; };
		EFB3EEA2267A3F79003BDA1C /* Launch Screen.storyboard */ = {isa = PBXFileReference; lastKnownFileType = file.storyboard; path = "Launch Screen.storyboard"; sourceTree = "<group>"; };
		EFB3EEA8267A5F43003BDA1C /* ViewRouter.swift */ = {isa = PBXFileReference; lastKnownFileType = sourcecode.swift; path = ViewRouter.swift; sourceTree = "<group>"; };
		EFB3EEAC267A72FE003BDA1C /* CustomTabBar.swift */ = {isa = PBXFileReference; lastKnownFileType = sourcecode.swift; path = CustomTabBar.swift; sourceTree = "<group>"; };
		EFB3EEAE267A9825003BDA1C /* HomePage.swift */ = {isa = PBXFileReference; lastKnownFileType = sourcecode.swift; path = HomePage.swift; sourceTree = "<group>"; };
		EFB3EEB0267A9D8B003BDA1C /* ProfilePage.swift */ = {isa = PBXFileReference; lastKnownFileType = sourcecode.swift; path = ProfilePage.swift; sourceTree = "<group>"; };
		EFB3EEB2267AA414003BDA1C /* ReminderView.swift */ = {isa = PBXFileReference; lastKnownFileType = sourcecode.swift; path = ReminderView.swift; sourceTree = "<group>"; };
		EFB3EEB7267AA94A003BDA1C /* FamilyMemberView.swift */ = {isa = PBXFileReference; lastKnownFileType = sourcecode.swift; path = FamilyMemberView.swift; sourceTree = "<group>"; };
		EFB3EEBB267AAA5B003BDA1C /* WarrantyCardView.swift */ = {isa = PBXFileReference; lastKnownFileType = sourcecode.swift; path = WarrantyCardView.swift; sourceTree = "<group>"; };
		EFB3EEBD267AB029003BDA1C /* FamilyMemberPage.swift */ = {isa = PBXFileReference; lastKnownFileType = sourcecode.swift; path = FamilyMemberPage.swift; sourceTree = "<group>"; };
		EFB3EEBF267AB095003BDA1C /* WarrantyCardPage.swift */ = {isa = PBXFileReference; lastKnownFileType = sourcecode.swift; path = WarrantyCardPage.swift; sourceTree = "<group>"; };
		EFB3EEC7267AB1CB003BDA1C /* PolicyView.swift */ = {isa = PBXFileReference; lastKnownFileType = sourcecode.swift; path = PolicyView.swift; sourceTree = "<group>"; };
		EFB3EEC9267AB2F1003BDA1C /* PolicyPage.swift */ = {isa = PBXFileReference; lastKnownFileType = sourcecode.swift; path = PolicyPage.swift; sourceTree = "<group>"; };
		EFB3EECD267AB534003BDA1C /* AddReminderView.swift */ = {isa = PBXFileReference; lastKnownFileType = sourcecode.swift; path = AddReminderView.swift; sourceTree = "<group>"; };
		EFB3EECF267AB543003BDA1C /* AddReminderPage.swift */ = {isa = PBXFileReference; lastKnownFileType = sourcecode.swift; path = AddReminderPage.swift; sourceTree = "<group>"; };
		EFF4121B267BF5B100D1B2B6 /* Verification.swift */ = {isa = PBXFileReference; lastKnownFileType = sourcecode.swift; path = Verification.swift; sourceTree = "<group>"; };
		EFF4121D267BFE9900D1B2B6 /* CustomNumberPad.swift */ = {isa = PBXFileReference; lastKnownFileType = sourcecode.swift; path = CustomNumberPad.swift; sourceTree = "<group>"; };
		EFF4121F267C079700D1B2B6 /* GoogleService-Info.plist */ = {isa = PBXFileReference; fileEncoding = 4; lastKnownFileType = text.plist.xml; name = "GoogleService-Info.plist"; path = "../../../../Downloads/GoogleService-Info.plist"; sourceTree = "<group>"; };
		EFF75A46267B733D00B470DC /* Assets.xcassets */ = {isa = PBXFileReference; lastKnownFileType = folder.assetcatalog; path = Assets.xcassets; sourceTree = SOURCE_ROOT; };
		EFF75A48267B736D00B470DC /* MoneyCard.swift */ = {isa = PBXFileReference; lastKnownFileType = sourcecode.swift; path = MoneyCard.swift; sourceTree = "<group>"; };
		EFF75A4E267B7BD600B470DC /* MoneyCardPage.swift */ = {isa = PBXFileReference; lastKnownFileType = sourcecode.swift; path = MoneyCardPage.swift; sourceTree = "<group>"; };
		EFF75A55267B92D900B470DC /* MoneyCardView.swift */ = {isa = PBXFileReference; lastKnownFileType = sourcecode.swift; path = MoneyCardView.swift; sourceTree = "<group>"; };
/* End PBXFileReference section */

/* Begin PBXFrameworksBuildPhase section */
		EFB3EE71267A3E73003BDA1C /* Frameworks */ = {
			isa = PBXFrameworksBuildPhase;
			buildActionMask = 2147483647;
			files = (
				EF690843267CA2C800F8ECDE /* FirebaseAnalyticsSwift-Beta in Frameworks */,
				EF690863267CA2C800F8ECDE /* FirebaseDynamicLinks in Frameworks */,
				EF690855267CA2C800F8ECDE /* FirebaseAuth in Frameworks */,
				EF690851267CA2C800F8ECDE /* FirebaseAppCheck in Frameworks */,
				EFF75A52267B8F9300B470DC /* CreditCardScanner in Frameworks */,
				EF690841267CA2C800F8ECDE /* FirebaseAnalyticsWithoutAdIdSupport in Frameworks */,
				EF69084F267CA2C800F8ECDE /* FirebaseRemoteConfig in Frameworks */,
				EF690853267CA2C800F8ECDE /* FirebaseStorageSwift-Beta in Frameworks */,
				EF690847267CA2C800F8ECDE /* FirebaseInstallations in Frameworks */,
				EF69085D267CA2C800F8ECDE /* FirebaseMessaging in Frameworks */,
				EF69083D267CA2C800F8ECDE /* FirebaseAppDistribution-Beta in Frameworks */,
				EF690861267CA2C800F8ECDE /* FirebaseStorage in Frameworks */,
				EF690859267CA2C800F8ECDE /* FirebaseDatabaseSwift-Beta in Frameworks */,
				EF690857267CA2C800F8ECDE /* FirebaseInAppMessagingSwift-Beta in Frameworks */,
				EF69084D267CA2C800F8ECDE /* FirebaseAnalytics in Frameworks */,
				EF690849267CA2C800F8ECDE /* FirebaseDatabase in Frameworks */,
				EF690865267CA2C800F8ECDE /* FirebaseFunctions in Frameworks */,
				EF69084B267CA2C800F8ECDE /* FirebaseFirestoreSwift-Beta in Frameworks */,
				EF69085B267CA2C800F8ECDE /* FirebaseMLModelDownloader in Frameworks */,
				EF69085F267CA2C800F8ECDE /* FirebaseCrashlytics in Frameworks */,
				EF69083F267CA2C800F8ECDE /* FirebaseInAppMessaging-Beta in Frameworks */,
				EF690845267CA2C800F8ECDE /* FirebaseFirestore in Frameworks */,
			);
			runOnlyForDeploymentPostprocessing = 0;
		};
		EFB3EE82267A3E74003BDA1C /* Frameworks */ = {
			isa = PBXFrameworksBuildPhase;
			buildActionMask = 2147483647;
			files = (
			);
			runOnlyForDeploymentPostprocessing = 0;
		};
		EFB3EE8D267A3E74003BDA1C /* Frameworks */ = {
			isa = PBXFrameworksBuildPhase;
			buildActionMask = 2147483647;
			files = (
			);
			runOnlyForDeploymentPostprocessing = 0;
		};
/* End PBXFrameworksBuildPhase section */

/* Begin PBXGroup section */
		EF9BD5BB267BE42100971109 /* Verification */ = {
			isa = PBXGroup;
			children = (
				EF9BD5BC267BE44900971109 /* Login.swift */,
				EF9BD5BE267BE5D900971109 /* LoginViewModel.swift */,
				EFF4121D267BFE9900D1B2B6 /* CustomNumberPad.swift */,
				EF9BD5C0267BEA2200971109 /* Countries.swift */,
				EFF4121B267BF5B100D1B2B6 /* Verification.swift */,
				EF0697EB267CC468007701C7 /* AlertView.swift */,
			);
			path = Verification;
			sourceTree = "<group>";
		};
		EFB3EE6B267A3E73003BDA1C = {
			isa = PBXGroup;
			children = (
				EFB3EE76267A3E73003BDA1C /* HomeUtlity */,
				EFB3EE88267A3E74003BDA1C /* HomeUtlityTests */,
				EFB3EE93267A3E74003BDA1C /* HomeUtlityUITests */,
				EF0697E7267CAC27007701C7 /* HomeUtlity.app */,
			);
			sourceTree = "<group>";
		};
		EFB3EE76267A3E73003BDA1C /* HomeUtlity */ = {
			isa = PBXGroup;
			children = (
				EF9BD5BB267BE42100971109 /* Verification */,
				EFF75A41267B6BB500B470DC /* MoneyCards */,
				EFB3EECB267AB4F1003BDA1C /* AddReminder */,
				EFB3EEC6267AB1BA003BDA1C /* Policy */,
				EFB3EEA7267A5F30003BDA1C /* CustomTab */,
				EFB3EEC4267AB105003BDA1C /* Home */,
				EFB3EEC3267AB0ED003BDA1C /* Profile */,
				EFB3EEC5267AB123003BDA1C /* Reminder */,
				EFB3EEC1267AB0C2003BDA1C /* FamilyMember */,
				EFB3EEC2267AB0D3003BDA1C /* WarrantyCard */,
				EFB3EE79267A3E73003BDA1C /* ContentView.swift */,
				EFF75A46267B733D00B470DC /* Assets.xcassets */,
				EFB3EEA2267A3F79003BDA1C /* Launch Screen.storyboard */,
				EFB3EE80267A3E73003BDA1C /* Info.plist */,
				EFB3EE77267A3E73003BDA1C /* HomeUtlityApp.swift */,
				EFB3EE7D267A3E73003BDA1C /* Preview Content */,
				EFF4121F267C079700D1B2B6 /* GoogleService-Info.plist */,
			);
			path = HomeUtlity;
			sourceTree = "<group>";
		};
		EFB3EE7D267A3E73003BDA1C /* Preview Content */ = {
			isa = PBXGroup;
			children = (
				EFB3EE7E267A3E73003BDA1C /* Preview Assets.xcassets */,
			);
			path = "Preview Content";
			sourceTree = "<group>";
		};
		EFB3EE88267A3E74003BDA1C /* HomeUtlityTests */ = {
			isa = PBXGroup;
			children = (
				EFB3EE89267A3E74003BDA1C /* HomeUtlityTests.swift */,
				EFB3EE8B267A3E74003BDA1C /* Info.plist */,
			);
			path = HomeUtlityTests;
			sourceTree = "<group>";
		};
		EFB3EE93267A3E74003BDA1C /* HomeUtlityUITests */ = {
			isa = PBXGroup;
			children = (
				EFB3EE94267A3E74003BDA1C /* HomeUtlityUITests.swift */,
				EFB3EE96267A3E74003BDA1C /* Info.plist */,
			);
			path = HomeUtlityUITests;
			sourceTree = "<group>";
		};
		EFB3EEA7267A5F30003BDA1C /* CustomTab */ = {
			isa = PBXGroup;
			children = (
				EFB3EEA8267A5F43003BDA1C /* ViewRouter.swift */,
				EFB3EEAC267A72FE003BDA1C /* CustomTabBar.swift */,
			);
			path = CustomTab;
			sourceTree = "<group>";
		};
		EFB3EEC1267AB0C2003BDA1C /* FamilyMember */ = {
			isa = PBXGroup;
			children = (
				EFB3EEB7267AA94A003BDA1C /* FamilyMemberView.swift */,
				EFB3EEBD267AB029003BDA1C /* FamilyMemberPage.swift */,
			);
			path = FamilyMember;
			sourceTree = "<group>";
		};
		EFB3EEC2267AB0D3003BDA1C /* WarrantyCard */ = {
			isa = PBXGroup;
			children = (
				EFB3EEBB267AAA5B003BDA1C /* WarrantyCardView.swift */,
				EFB3EEBF267AB095003BDA1C /* WarrantyCardPage.swift */,
			);
			path = WarrantyCard;
			sourceTree = "<group>";
		};
		EFB3EEC3267AB0ED003BDA1C /* Profile */ = {
			isa = PBXGroup;
			children = (
				EFB3EEB0267A9D8B003BDA1C /* ProfilePage.swift */,
			);
			path = Profile;
			sourceTree = "<group>";
		};
		EFB3EEC4267AB105003BDA1C /* Home */ = {
			isa = PBXGroup;
			children = (
				EFB3EEAE267A9825003BDA1C /* HomePage.swift */,
			);
			path = Home;
			sourceTree = "<group>";
		};
		EFB3EEC5267AB123003BDA1C /* Reminder */ = {
			isa = PBXGroup;
			children = (
				EFB3EEB2267AA414003BDA1C /* ReminderView.swift */,
			);
			path = Reminder;
			sourceTree = "<group>";
		};
		EFB3EEC6267AB1BA003BDA1C /* Policy */ = {
			isa = PBXGroup;
			children = (
				EFB3EEC7267AB1CB003BDA1C /* PolicyView.swift */,
				EFB3EEC9267AB2F1003BDA1C /* PolicyPage.swift */,
			);
			path = Policy;
			sourceTree = "<group>";
		};
		EFB3EECB267AB4F1003BDA1C /* AddReminder */ = {
			isa = PBXGroup;
			children = (
				EFB3EECD267AB534003BDA1C /* AddReminderView.swift */,
				EFB3EECF267AB543003BDA1C /* AddReminderPage.swift */,
			);
			path = AddReminder;
			sourceTree = "<group>";
		};
		EFF75A41267B6BB500B470DC /* MoneyCards */ = {
			isa = PBXGroup;
			children = (
				EFF75A48267B736D00B470DC /* MoneyCard.swift */,
				EFF75A4E267B7BD600B470DC /* MoneyCardPage.swift */,
				EFF75A55267B92D900B470DC /* MoneyCardView.swift */,
			);
			path = MoneyCards;
			sourceTree = "<group>";
		};
/* End PBXGroup section */

/* Begin PBXNativeTarget section */
		EFB3EE73267A3E73003BDA1C /* HomeUtlity */ = {
			isa = PBXNativeTarget;
			buildConfigurationList = EFB3EE99267A3E74003BDA1C /* Build configuration list for PBXNativeTarget "HomeUtlity" */;
			buildPhases = (
				EFB3EE70267A3E73003BDA1C /* Sources */,
				EFB3EE71267A3E73003BDA1C /* Frameworks */,
				EFB3EE72267A3E73003BDA1C /* Resources */,
			);
			buildRules = (
			);
			dependencies = (
			);
			name = HomeUtlity;
			packageProductDependencies = (
				EFF75A51267B8F9300B470DC /* CreditCardScanner */,
				EF69083C267CA2C800F8ECDE /* FirebaseAppDistribution-Beta */,
				EF69083E267CA2C800F8ECDE /* FirebaseInAppMessaging-Beta */,
				EF690840267CA2C800F8ECDE /* FirebaseAnalyticsWithoutAdIdSupport */,
				EF690842267CA2C800F8ECDE /* FirebaseAnalyticsSwift-Beta */,
				EF690844267CA2C800F8ECDE /* FirebaseFirestore */,
				EF690846267CA2C800F8ECDE /* FirebaseInstallations */,
				EF690848267CA2C800F8ECDE /* FirebaseDatabase */,
				EF69084A267CA2C800F8ECDE /* FirebaseFirestoreSwift-Beta */,
				EF69084C267CA2C800F8ECDE /* FirebaseAnalytics */,
				EF69084E267CA2C800F8ECDE /* FirebaseRemoteConfig */,
				EF690850267CA2C800F8ECDE /* FirebaseAppCheck */,
				EF690852267CA2C800F8ECDE /* FirebaseStorageSwift-Beta */,
				EF690854267CA2C800F8ECDE /* FirebaseAuth */,
				EF690856267CA2C800F8ECDE /* FirebaseInAppMessagingSwift-Beta */,
				EF690858267CA2C800F8ECDE /* FirebaseDatabaseSwift-Beta */,
				EF69085A267CA2C800F8ECDE /* FirebaseMLModelDownloader */,
				EF69085C267CA2C800F8ECDE /* FirebaseMessaging */,
				EF69085E267CA2C800F8ECDE /* FirebaseCrashlytics */,
				EF690860267CA2C800F8ECDE /* FirebaseStorage */,
				EF690862267CA2C800F8ECDE /* FirebaseDynamicLinks */,
				EF690864267CA2C800F8ECDE /* FirebaseFunctions */,
			);
			productName = HomeUtlity;
			productReference = EF0697E7267CAC27007701C7 /* HomeUtlity.app */;
			productType = "com.apple.product-type.application";
		};
		EFB3EE84267A3E74003BDA1C /* HomeUtlityTests */ = {
			isa = PBXNativeTarget;
			buildConfigurationList = EFB3EE9C267A3E74003BDA1C /* Build configuration list for PBXNativeTarget "HomeUtlityTests" */;
			buildPhases = (
				EFB3EE81267A3E74003BDA1C /* Sources */,
				EFB3EE82267A3E74003BDA1C /* Frameworks */,
				EFB3EE83267A3E74003BDA1C /* Resources */,
			);
			buildRules = (
			);
			dependencies = (
				EFB3EE87267A3E74003BDA1C /* PBXTargetDependency */,
			);
			name = HomeUtlityTests;
			productName = HomeUtlityTests;
			productReference = EF0697E8267CAC27007701C7 /* HomeUtlityTests.xctest */;
			productType = "com.apple.product-type.bundle.unit-test";
		};
		EFB3EE8F267A3E74003BDA1C /* HomeUtlityUITests */ = {
			isa = PBXNativeTarget;
			buildConfigurationList = EFB3EE9F267A3E74003BDA1C /* Build configuration list for PBXNativeTarget "HomeUtlityUITests" */;
			buildPhases = (
				EFB3EE8C267A3E74003BDA1C /* Sources */,
				EFB3EE8D267A3E74003BDA1C /* Frameworks */,
				EFB3EE8E267A3E74003BDA1C /* Resources */,
			);
			buildRules = (
			);
			dependencies = (
				EFB3EE92267A3E74003BDA1C /* PBXTargetDependency */,
			);
			name = HomeUtlityUITests;
			productName = HomeUtlityUITests;
			productReference = EF0697E9267CAC27007701C7 /* HomeUtlityUITests.xctest */;
			productType = "com.apple.product-type.bundle.ui-testing";
		};
/* End PBXNativeTarget section */

/* Begin PBXProject section */
		EFB3EE6C267A3E73003BDA1C /* Project object */ = {
			isa = PBXProject;
			attributes = {
				LastSwiftUpdateCheck = 1250;
				LastUpgradeCheck = 1250;
				TargetAttributes = {
					EFB3EE73267A3E73003BDA1C = {
						CreatedOnToolsVersion = 12.5;
					};
					EFB3EE84267A3E74003BDA1C = {
						CreatedOnToolsVersion = 12.5;
						TestTargetID = EFB3EE73267A3E73003BDA1C;
					};
					EFB3EE8F267A3E74003BDA1C = {
						CreatedOnToolsVersion = 12.5;
						TestTargetID = EFB3EE73267A3E73003BDA1C;
					};
				};
			};
			buildConfigurationList = EFB3EE6F267A3E73003BDA1C /* Build configuration list for PBXProject "HomeUtlity" */;
			compatibilityVersion = "Xcode 9.3";
			developmentRegion = en;
			hasScannedForEncodings = 0;
			knownRegions = (
				en,
				Base,
			);
			mainGroup = EFB3EE6B267A3E73003BDA1C;
			packageReferences = (
				EFF75A50267B8F9300B470DC /* XCRemoteSwiftPackageReference "credit-card-scanner" */,
				EF69083B267CA2C800F8ECDE /* XCRemoteSwiftPackageReference "firebase-ios-sdk" */,
			);
			productRefGroup = EFB3EE6B267A3E73003BDA1C;
			projectDirPath = "";
			projectRoot = "";
			targets = (
				EFB3EE73267A3E73003BDA1C /* HomeUtlity */,
				EFB3EE84267A3E74003BDA1C /* HomeUtlityTests */,
				EFB3EE8F267A3E74003BDA1C /* HomeUtlityUITests */,
			);
		};
/* End PBXProject section */

/* Begin PBXResourcesBuildPhase section */
		EFB3EE72267A3E73003BDA1C /* Resources */ = {
			isa = PBXResourcesBuildPhase;
			buildActionMask = 2147483647;
			files = (
				EFB3EEA3267A3F79003BDA1C /* Launch Screen.storyboard in Resources */,
				EFF41220267C079700D1B2B6 /* GoogleService-Info.plist in Resources */,
				EFF75A47267B733D00B470DC /* Assets.xcassets in Resources */,
				EFB3EE7F267A3E73003BDA1C /* Preview Assets.xcassets in Resources */,
			);
			runOnlyForDeploymentPostprocessing = 0;
		};
		EFB3EE83267A3E74003BDA1C /* Resources */ = {
			isa = PBXResourcesBuildPhase;
			buildActionMask = 2147483647;
			files = (
			);
			runOnlyForDeploymentPostprocessing = 0;
		};
		EFB3EE8E267A3E74003BDA1C /* Resources */ = {
			isa = PBXResourcesBuildPhase;
			buildActionMask = 2147483647;
			files = (
			);
			runOnlyForDeploymentPostprocessing = 0;
		};
/* End PBXResourcesBuildPhase section */

/* Begin PBXSourcesBuildPhase section */
		EFB3EE70267A3E73003BDA1C /* Sources */ = {
			isa = PBXSourcesBuildPhase;
			buildActionMask = 2147483647;
			files = (
				EFB3EEBE267AB029003BDA1C /* FamilyMemberPage.swift in Sources */,
				EFF75A4F267B7BD600B470DC /* MoneyCardPage.swift in Sources */,
				EFB3EEB1267A9D8B003BDA1C /* ProfilePage.swift in Sources */,
				EFB3EEB3267AA414003BDA1C /* ReminderView.swift in Sources */,
				EFB3EEAF267A9825003BDA1C /* HomePage.swift in Sources */,
				EF0697EC267CC468007701C7 /* AlertView.swift in Sources */,
				EFF75A56267B92D900B470DC /* MoneyCardView.swift in Sources */,
				EFB3EEAD267A72FE003BDA1C /* CustomTabBar.swift in Sources */,
				EFB3EEA9267A5F43003BDA1C /* ViewRouter.swift in Sources */,
				EF9BD5BF267BE5D900971109 /* LoginViewModel.swift in Sources */,
				EFB3EECA267AB2F1003BDA1C /* PolicyPage.swift in Sources */,
				EFB3EEC0267AB095003BDA1C /* WarrantyCardPage.swift in Sources */,
				EFB3EECE267AB534003BDA1C /* AddReminderView.swift in Sources */,
				EFB3EE7A267A3E73003BDA1C /* ContentView.swift in Sources */,
				EFB3EEB8267AA94A003BDA1C /* FamilyMemberView.swift in Sources */,
				EF9BD5BD267BE44900971109 /* Login.swift in Sources */,
				EFF75A49267B736D00B470DC /* MoneyCard.swift in Sources */,
				EFF4121C267BF5B100D1B2B6 /* Verification.swift in Sources */,
				EFB3EED0267AB543003BDA1C /* AddReminderPage.swift in Sources */,
				EFB3EEBC267AAA5B003BDA1C /* WarrantyCardView.swift in Sources */,
				EFB3EEC8267AB1CB003BDA1C /* PolicyView.swift in Sources */,
				EF9BD5C1267BEA2200971109 /* Countries.swift in Sources */,
				EFF4121E267BFE9900D1B2B6 /* CustomNumberPad.swift in Sources */,
				EFB3EE78267A3E73003BDA1C /* HomeUtlityApp.swift in Sources */,
			);
			runOnlyForDeploymentPostprocessing = 0;
		};
		EFB3EE81267A3E74003BDA1C /* Sources */ = {
			isa = PBXSourcesBuildPhase;
			buildActionMask = 2147483647;
			files = (
				EFB3EE8A267A3E74003BDA1C /* HomeUtlityTests.swift in Sources */,
			);
			runOnlyForDeploymentPostprocessing = 0;
		};
		EFB3EE8C267A3E74003BDA1C /* Sources */ = {
			isa = PBXSourcesBuildPhase;
			buildActionMask = 2147483647;
			files = (
				EFB3EE95267A3E74003BDA1C /* HomeUtlityUITests.swift in Sources */,
			);
			runOnlyForDeploymentPostprocessing = 0;
		};
/* End PBXSourcesBuildPhase section */

/* Begin PBXTargetDependency section */
		EFB3EE87267A3E74003BDA1C /* PBXTargetDependency */ = {
			isa = PBXTargetDependency;
			target = EFB3EE73267A3E73003BDA1C /* HomeUtlity */;
			targetProxy = EFB3EE86267A3E74003BDA1C /* PBXContainerItemProxy */;
		};
		EFB3EE92267A3E74003BDA1C /* PBXTargetDependency */ = {
			isa = PBXTargetDependency;
			target = EFB3EE73267A3E73003BDA1C /* HomeUtlity */;
			targetProxy = EFB3EE91267A3E74003BDA1C /* PBXContainerItemProxy */;
		};
/* End PBXTargetDependency section */

/* Begin XCBuildConfiguration section */
		EFB3EE97267A3E74003BDA1C /* Debug */ = {
			isa = XCBuildConfiguration;
			buildSettings = {
				ALWAYS_SEARCH_USER_PATHS = NO;
				CLANG_ANALYZER_NONNULL = YES;
				CLANG_ANALYZER_NUMBER_OBJECT_CONVERSION = YES_AGGRESSIVE;
				CLANG_CXX_LANGUAGE_STANDARD = "gnu++14";
				CLANG_CXX_LIBRARY = "libc++";
				CLANG_ENABLE_MODULES = YES;
				CLANG_ENABLE_OBJC_ARC = YES;
				CLANG_ENABLE_OBJC_WEAK = YES;
				CLANG_WARN_BLOCK_CAPTURE_AUTORELEASING = YES;
				CLANG_WARN_BOOL_CONVERSION = YES;
				CLANG_WARN_COMMA = YES;
				CLANG_WARN_CONSTANT_CONVERSION = YES;
				CLANG_WARN_DEPRECATED_OBJC_IMPLEMENTATIONS = YES;
				CLANG_WARN_DIRECT_OBJC_ISA_USAGE = YES_ERROR;
				CLANG_WARN_DOCUMENTATION_COMMENTS = YES;
				CLANG_WARN_EMPTY_BODY = YES;
				CLANG_WARN_ENUM_CONVERSION = YES;
				CLANG_WARN_INFINITE_RECURSION = YES;
				CLANG_WARN_INT_CONVERSION = YES;
				CLANG_WARN_NON_LITERAL_NULL_CONVERSION = YES;
				CLANG_WARN_OBJC_IMPLICIT_RETAIN_SELF = YES;
				CLANG_WARN_OBJC_LITERAL_CONVERSION = YES;
				CLANG_WARN_OBJC_ROOT_CLASS = YES_ERROR;
				CLANG_WARN_QUOTED_INCLUDE_IN_FRAMEWORK_HEADER = YES;
				CLANG_WARN_RANGE_LOOP_ANALYSIS = YES;
				CLANG_WARN_STRICT_PROTOTYPES = YES;
				CLANG_WARN_SUSPICIOUS_MOVE = YES;
				CLANG_WARN_UNGUARDED_AVAILABILITY = YES_AGGRESSIVE;
				CLANG_WARN_UNREACHABLE_CODE = YES;
				CLANG_WARN__DUPLICATE_METHOD_MATCH = YES;
				COPY_PHASE_STRIP = NO;
				DEBUG_INFORMATION_FORMAT = dwarf;
				ENABLE_STRICT_OBJC_MSGSEND = YES;
				ENABLE_TESTABILITY = YES;
				GCC_C_LANGUAGE_STANDARD = gnu11;
				GCC_DYNAMIC_NO_PIC = NO;
				GCC_NO_COMMON_BLOCKS = YES;
				GCC_OPTIMIZATION_LEVEL = 0;
				GCC_PREPROCESSOR_DEFINITIONS = (
					"DEBUG=1",
					"$(inherited)",
				);
				GCC_WARN_64_TO_32_BIT_CONVERSION = YES;
				GCC_WARN_ABOUT_RETURN_TYPE = YES_ERROR;
				GCC_WARN_UNDECLARED_SELECTOR = YES;
				GCC_WARN_UNINITIALIZED_AUTOS = YES_AGGRESSIVE;
				GCC_WARN_UNUSED_FUNCTION = YES;
				GCC_WARN_UNUSED_VARIABLE = YES;
				IPHONEOS_DEPLOYMENT_TARGET = 14.5;
				MTL_ENABLE_DEBUG_INFO = INCLUDE_SOURCE;
				MTL_FAST_MATH = YES;
				ONLY_ACTIVE_ARCH = YES;
				SDKROOT = iphoneos;
				SWIFT_ACTIVE_COMPILATION_CONDITIONS = DEBUG;
				SWIFT_OPTIMIZATION_LEVEL = "-Onone";
				SWIFT_VERSION = "";
			};
			name = Debug;
		};
		EFB3EE98267A3E74003BDA1C /* Release */ = {
			isa = XCBuildConfiguration;
			buildSettings = {
				ALWAYS_SEARCH_USER_PATHS = NO;
				CLANG_ANALYZER_NONNULL = YES;
				CLANG_ANALYZER_NUMBER_OBJECT_CONVERSION = YES_AGGRESSIVE;
				CLANG_CXX_LANGUAGE_STANDARD = "gnu++14";
				CLANG_CXX_LIBRARY = "libc++";
				CLANG_ENABLE_MODULES = YES;
				CLANG_ENABLE_OBJC_ARC = YES;
				CLANG_ENABLE_OBJC_WEAK = YES;
				CLANG_WARN_BLOCK_CAPTURE_AUTORELEASING = YES;
				CLANG_WARN_BOOL_CONVERSION = YES;
				CLANG_WARN_COMMA = YES;
				CLANG_WARN_CONSTANT_CONVERSION = YES;
				CLANG_WARN_DEPRECATED_OBJC_IMPLEMENTATIONS = YES;
				CLANG_WARN_DIRECT_OBJC_ISA_USAGE = YES_ERROR;
				CLANG_WARN_DOCUMENTATION_COMMENTS = YES;
				CLANG_WARN_EMPTY_BODY = YES;
				CLANG_WARN_ENUM_CONVERSION = YES;
				CLANG_WARN_INFINITE_RECURSION = YES;
				CLANG_WARN_INT_CONVERSION = YES;
				CLANG_WARN_NON_LITERAL_NULL_CONVERSION = YES;
				CLANG_WARN_OBJC_IMPLICIT_RETAIN_SELF = YES;
				CLANG_WARN_OBJC_LITERAL_CONVERSION = YES;
				CLANG_WARN_OBJC_ROOT_CLASS = YES_ERROR;
				CLANG_WARN_QUOTED_INCLUDE_IN_FRAMEWORK_HEADER = YES;
				CLANG_WARN_RANGE_LOOP_ANALYSIS = YES;
				CLANG_WARN_STRICT_PROTOTYPES = YES;
				CLANG_WARN_SUSPICIOUS_MOVE = YES;
				CLANG_WARN_UNGUARDED_AVAILABILITY = YES_AGGRESSIVE;
				CLANG_WARN_UNREACHABLE_CODE = YES;
				CLANG_WARN__DUPLICATE_METHOD_MATCH = YES;
				COPY_PHASE_STRIP = NO;
				DEBUG_INFORMATION_FORMAT = "dwarf-with-dsym";
				ENABLE_NS_ASSERTIONS = NO;
				ENABLE_STRICT_OBJC_MSGSEND = YES;
				GCC_C_LANGUAGE_STANDARD = gnu11;
				GCC_NO_COMMON_BLOCKS = YES;
				GCC_WARN_64_TO_32_BIT_CONVERSION = YES;
				GCC_WARN_ABOUT_RETURN_TYPE = YES_ERROR;
				GCC_WARN_UNDECLARED_SELECTOR = YES;
				GCC_WARN_UNINITIALIZED_AUTOS = YES_AGGRESSIVE;
				GCC_WARN_UNUSED_FUNCTION = YES;
				GCC_WARN_UNUSED_VARIABLE = YES;
				IPHONEOS_DEPLOYMENT_TARGET = 14.5;
				MTL_ENABLE_DEBUG_INFO = NO;
				MTL_FAST_MATH = YES;
				SDKROOT = iphoneos;
				SWIFT_COMPILATION_MODE = wholemodule;
				SWIFT_OPTIMIZATION_LEVEL = "-O";
				SWIFT_VERSION = "";
				VALIDATE_PRODUCT = YES;
			};
			name = Release;
		};
		EFB3EE9A267A3E74003BDA1C /* Debug */ = {
			isa = XCBuildConfiguration;
			buildSettings = {
				ASSETCATALOG_COMPILER_APPICON_NAME = AppIcon;
				ASSETCATALOG_COMPILER_GLOBAL_ACCENT_COLOR_NAME = AccentColor;
				CODE_SIGN_STYLE = Automatic;
				DEVELOPMENT_ASSET_PATHS = "\"HomeUtlity/Preview Content\"";
				DEVELOPMENT_TEAM = CJKKT34GUP;
				ENABLE_PREVIEWS = YES;
				INFOPLIST_FILE = HomeUtlity/Info.plist;
				IPHONEOS_DEPLOYMENT_TARGET = 14.0;
				LD_RUNPATH_SEARCH_PATHS = (
					"$(inherited)",
					"@executable_path/Frameworks",
				);
				PRODUCT_BUNDLE_IDENTIFIER = suhasMalhotra.HomeUtility;
				PRODUCT_NAME = "$(TARGET_NAME)";
				SWIFT_VERSION = 5.0;
				TARGETED_DEVICE_FAMILY = 1;
			};
			name = Debug;
		};
		EFB3EE9B267A3E74003BDA1C /* Release */ = {
			isa = XCBuildConfiguration;
			buildSettings = {
				ASSETCATALOG_COMPILER_APPICON_NAME = AppIcon;
				ASSETCATALOG_COMPILER_GLOBAL_ACCENT_COLOR_NAME = AccentColor;
				CODE_SIGN_STYLE = Automatic;
				DEVELOPMENT_ASSET_PATHS = "\"HomeUtlity/Preview Content\"";
				DEVELOPMENT_TEAM = CJKKT34GUP;
				ENABLE_PREVIEWS = YES;
				INFOPLIST_FILE = HomeUtlity/Info.plist;
				IPHONEOS_DEPLOYMENT_TARGET = 14.0;
				LD_RUNPATH_SEARCH_PATHS = (
					"$(inherited)",
					"@executable_path/Frameworks",
				);
				PRODUCT_BUNDLE_IDENTIFIER = suhasMalhotra.HomeUtility;
				PRODUCT_NAME = "$(TARGET_NAME)";
				SWIFT_VERSION = 5.0;
				TARGETED_DEVICE_FAMILY = 1;
			};
			name = Release;
		};
		EFB3EE9D267A3E74003BDA1C /* Debug */ = {
			isa = XCBuildConfiguration;
			buildSettings = {
				ALWAYS_EMBED_SWIFT_STANDARD_LIBRARIES = YES;
				BUNDLE_LOADER = "$(TEST_HOST)";
				CODE_SIGN_STYLE = Automatic;
				DEVELOPMENT_TEAM = CJKKT34GUP;
				INFOPLIST_FILE = HomeUtlityTests/Info.plist;
				IPHONEOS_DEPLOYMENT_TARGET = 14.0;
				LD_RUNPATH_SEARCH_PATHS = (
					"$(inherited)",
					"@executable_path/Frameworks",
					"@loader_path/Frameworks",
				);
				PRODUCT_BUNDLE_IDENTIFIER = suhasMalhotra.HomeUtlityTests;
				PRODUCT_NAME = "$(TARGET_NAME)";
				SWIFT_VERSION = 5.0;
				TARGETED_DEVICE_FAMILY = "1,2";
				TEST_HOST = "$(BUILT_PRODUCTS_DIR)/HomeUtlity.app/HomeUtlity";
			};
			name = Debug;
		};
		EFB3EE9E267A3E74003BDA1C /* Release */ = {
			isa = XCBuildConfiguration;
			buildSettings = {
				ALWAYS_EMBED_SWIFT_STANDARD_LIBRARIES = YES;
				BUNDLE_LOADER = "$(TEST_HOST)";
				CODE_SIGN_STYLE = Automatic;
				DEVELOPMENT_TEAM = CJKKT34GUP;
				INFOPLIST_FILE = HomeUtlityTests/Info.plist;
				IPHONEOS_DEPLOYMENT_TARGET = 14.0;
				LD_RUNPATH_SEARCH_PATHS = (
					"$(inherited)",
					"@executable_path/Frameworks",
					"@loader_path/Frameworks",
				);
				PRODUCT_BUNDLE_IDENTIFIER = suhasMalhotra.HomeUtlityTests;
				PRODUCT_NAME = "$(TARGET_NAME)";
				SWIFT_VERSION = 5.0;
				TARGETED_DEVICE_FAMILY = "1,2";
				TEST_HOST = "$(BUILT_PRODUCTS_DIR)/HomeUtlity.app/HomeUtlity";
			};
			name = Release;
		};
		EFB3EEA0267A3E74003BDA1C /* Debug */ = {
			isa = XCBuildConfiguration;
			buildSettings = {
				ALWAYS_EMBED_SWIFT_STANDARD_LIBRARIES = YES;
				CODE_SIGN_STYLE = Automatic;
				DEVELOPMENT_TEAM = CJKKT34GUP;
				INFOPLIST_FILE = HomeUtlityUITests/Info.plist;
				LD_RUNPATH_SEARCH_PATHS = (
					"$(inherited)",
					"@executable_path/Frameworks",
					"@loader_path/Frameworks",
				);
				PRODUCT_BUNDLE_IDENTIFIER = suhasMalhotra.HomeUtlityUITests;
				PRODUCT_NAME = "$(TARGET_NAME)";
				SWIFT_VERSION = 5.0;
				TARGETED_DEVICE_FAMILY = "1,2";
				TEST_TARGET_NAME = HomeUtlity;
			};
			name = Debug;
		};
		EFB3EEA1267A3E74003BDA1C /* Release */ = {
			isa = XCBuildConfiguration;
			buildSettings = {
				ALWAYS_EMBED_SWIFT_STANDARD_LIBRARIES = YES;
				CODE_SIGN_STYLE = Automatic;
				DEVELOPMENT_TEAM = CJKKT34GUP;
				INFOPLIST_FILE = HomeUtlityUITests/Info.plist;
				LD_RUNPATH_SEARCH_PATHS = (
					"$(inherited)",
					"@executable_path/Frameworks",
					"@loader_path/Frameworks",
				);
				PRODUCT_BUNDLE_IDENTIFIER = suhasMalhotra.HomeUtlityUITests;
				PRODUCT_NAME = "$(TARGET_NAME)";
				SWIFT_VERSION = 5.0;
				TARGETED_DEVICE_FAMILY = "1,2";
				TEST_TARGET_NAME = HomeUtlity;
			};
			name = Release;
		};
/* End XCBuildConfiguration section */

/* Begin XCConfigurationList section */
		EFB3EE6F267A3E73003BDA1C /* Build configuration list for PBXProject "HomeUtlity" */ = {
			isa = XCConfigurationList;
			buildConfigurations = (
				EFB3EE97267A3E74003BDA1C /* Debug */,
				EFB3EE98267A3E74003BDA1C /* Release */,
			);
			defaultConfigurationIsVisible = 0;
			defaultConfigurationName = Release;
		};
		EFB3EE99267A3E74003BDA1C /* Build configuration list for PBXNativeTarget "HomeUtlity" */ = {
			isa = XCConfigurationList;
			buildConfigurations = (
				EFB3EE9A267A3E74003BDA1C /* Debug */,
				EFB3EE9B267A3E74003BDA1C /* Release */,
			);
			defaultConfigurationIsVisible = 0;
			defaultConfigurationName = Release;
		};
		EFB3EE9C267A3E74003BDA1C /* Build configuration list for PBXNativeTarget "HomeUtlityTests" */ = {
			isa = XCConfigurationList;
			buildConfigurations = (
				EFB3EE9D267A3E74003BDA1C /* Debug */,
				EFB3EE9E267A3E74003BDA1C /* Release */,
			);
			defaultConfigurationIsVisible = 0;
			defaultConfigurationName = Release;
		};
		EFB3EE9F267A3E74003BDA1C /* Build configuration list for PBXNativeTarget "HomeUtlityUITests" */ = {
			isa = XCConfigurationList;
			buildConfigurations = (
				EFB3EEA0267A3E74003BDA1C /* Debug */,
				EFB3EEA1267A3E74003BDA1C /* Release */,
			);
			defaultConfigurationIsVisible = 0;
			defaultConfigurationName = Release;
		};
/* End XCConfigurationList section */

/* Begin XCRemoteSwiftPackageReference section */
		EF69083B267CA2C800F8ECDE /* XCRemoteSwiftPackageReference "firebase-ios-sdk" */ = {
			isa = XCRemoteSwiftPackageReference;
			repositoryURL = "https://github.com/firebase/firebase-ios-sdk.git";
			requirement = {
				kind = upToNextMajorVersion;
				minimumVersion = 8.1.1;
			};
		};
		EFF75A50267B8F9300B470DC /* XCRemoteSwiftPackageReference "credit-card-scanner" */ = {
			isa = XCRemoteSwiftPackageReference;
			repositoryURL = "https://github.com/yhkaplan/credit-card-scanner.git";
			requirement = {
				kind = upToNextMajorVersion;
				minimumVersion = 0.1.5;
			};
		};
/* End XCRemoteSwiftPackageReference section */

/* Begin XCSwiftPackageProductDependency section */
		EF69083C267CA2C800F8ECDE /* FirebaseAppDistribution-Beta */ = {
			isa = XCSwiftPackageProductDependency;
			package = EF69083B267CA2C800F8ECDE /* XCRemoteSwiftPackageReference "firebase-ios-sdk" */;
			productName = "FirebaseAppDistribution-Beta";
		};
		EF69083E267CA2C800F8ECDE /* FirebaseInAppMessaging-Beta */ = {
			isa = XCSwiftPackageProductDependency;
			package = EF69083B267CA2C800F8ECDE /* XCRemoteSwiftPackageReference "firebase-ios-sdk" */;
			productName = "FirebaseInAppMessaging-Beta";
		};
		EF690840267CA2C800F8ECDE /* FirebaseAnalyticsWithoutAdIdSupport */ = {
			isa = XCSwiftPackageProductDependency;
			package = EF69083B267CA2C800F8ECDE /* XCRemoteSwiftPackageReference "firebase-ios-sdk" */;
			productName = FirebaseAnalyticsWithoutAdIdSupport;
		};
		EF690842267CA2C800F8ECDE /* FirebaseAnalyticsSwift-Beta */ = {
			isa = XCSwiftPackageProductDependency;
			package = EF69083B267CA2C800F8ECDE /* XCRemoteSwiftPackageReference "firebase-ios-sdk" */;
			productName = "FirebaseAnalyticsSwift-Beta";
		};
		EF690844267CA2C800F8ECDE /* FirebaseFirestore */ = {
			isa = XCSwiftPackageProductDependency;
			package = EF69083B267CA2C800F8ECDE /* XCRemoteSwiftPackageReference "firebase-ios-sdk" */;
			productName = FirebaseFirestore;
		};
		EF690846267CA2C800F8ECDE /* FirebaseInstallations */ = {
			isa = XCSwiftPackageProductDependency;
			package = EF69083B267CA2C800F8ECDE /* XCRemoteSwiftPackageReference "firebase-ios-sdk" */;
			productName = FirebaseInstallations;
		};
		EF690848267CA2C800F8ECDE /* FirebaseDatabase */ = {
			isa = XCSwiftPackageProductDependency;
			package = EF69083B267CA2C800F8ECDE /* XCRemoteSwiftPackageReference "firebase-ios-sdk" */;
			productName = FirebaseDatabase;
		};
		EF69084A267CA2C800F8ECDE /* FirebaseFirestoreSwift-Beta */ = {
			isa = XCSwiftPackageProductDependency;
			package = EF69083B267CA2C800F8ECDE /* XCRemoteSwiftPackageReference "firebase-ios-sdk" */;
			productName = "FirebaseFirestoreSwift-Beta";
		};
		EF69084C267CA2C800F8ECDE /* FirebaseAnalytics */ = {
			isa = XCSwiftPackageProductDependency;
			package = EF69083B267CA2C800F8ECDE /* XCRemoteSwiftPackageReference "firebase-ios-sdk" */;
			productName = FirebaseAnalytics;
		};
		EF69084E267CA2C800F8ECDE /* FirebaseRemoteConfig */ = {
			isa = XCSwiftPackageProductDependency;
			package = EF69083B267CA2C800F8ECDE /* XCRemoteSwiftPackageReference "firebase-ios-sdk" */;
			productName = FirebaseRemoteConfig;
		};
		EF690850267CA2C800F8ECDE /* FirebaseAppCheck */ = {
			isa = XCSwiftPackageProductDependency;
			package = EF69083B267CA2C800F8ECDE /* XCRemoteSwiftPackageReference "firebase-ios-sdk" */;
			productName = FirebaseAppCheck;
		};
		EF690852267CA2C800F8ECDE /* FirebaseStorageSwift-Beta */ = {
			isa = XCSwiftPackageProductDependency;
			package = EF69083B267CA2C800F8ECDE /* XCRemoteSwiftPackageReference "firebase-ios-sdk" */;
			productName = "FirebaseStorageSwift-Beta";
		};
		EF690854267CA2C800F8ECDE /* FirebaseAuth */ = {
			isa = XCSwiftPackageProductDependency;
			package = EF69083B267CA2C800F8ECDE /* XCRemoteSwiftPackageReference "firebase-ios-sdk" */;
			productName = FirebaseAuth;
		};
		EF690856267CA2C800F8ECDE /* FirebaseInAppMessagingSwift-Beta */ = {
			isa = XCSwiftPackageProductDependency;
			package = EF69083B267CA2C800F8ECDE /* XCRemoteSwiftPackageReference "firebase-ios-sdk" */;
			productName = "FirebaseInAppMessagingSwift-Beta";
		};
		EF690858267CA2C800F8ECDE /* FirebaseDatabaseSwift-Beta */ = {
			isa = XCSwiftPackageProductDependency;
			package = EF69083B267CA2C800F8ECDE /* XCRemoteSwiftPackageReference "firebase-ios-sdk" */;
			productName = "FirebaseDatabaseSwift-Beta";
		};
		EF69085A267CA2C800F8ECDE /* FirebaseMLModelDownloader */ = {
			isa = XCSwiftPackageProductDependency;
			package = EF69083B267CA2C800F8ECDE /* XCRemoteSwiftPackageReference "firebase-ios-sdk" */;
			productName = FirebaseMLModelDownloader;
		};
		EF69085C267CA2C800F8ECDE /* FirebaseMessaging */ = {
			isa = XCSwiftPackageProductDependency;
			package = EF69083B267CA2C800F8ECDE /* XCRemoteSwiftPackageReference "firebase-ios-sdk" */;
			productName = FirebaseMessaging;
		};
		EF69085E267CA2C800F8ECDE /* FirebaseCrashlytics */ = {
			isa = XCSwiftPackageProductDependency;
			package = EF69083B267CA2C800F8ECDE /* XCRemoteSwiftPackageReference "firebase-ios-sdk" */;
			productName = FirebaseCrashlytics;
		};
		EF690860267CA2C800F8ECDE /* FirebaseStorage */ = {
			isa = XCSwiftPackageProductDependency;
			package = EF69083B267CA2C800F8ECDE /* XCRemoteSwiftPackageReference "firebase-ios-sdk" */;
			productName = FirebaseStorage;
		};
		EF690862267CA2C800F8ECDE /* FirebaseDynamicLinks */ = {
			isa = XCSwiftPackageProductDependency;
			package = EF69083B267CA2C800F8ECDE /* XCRemoteSwiftPackageReference "firebase-ios-sdk" */;
			productName = FirebaseDynamicLinks;
		};
		EF690864267CA2C800F8ECDE /* FirebaseFunctions */ = {
			isa = XCSwiftPackageProductDependency;
			package = EF69083B267CA2C800F8ECDE /* XCRemoteSwiftPackageReference "firebase-ios-sdk" */;
			productName = FirebaseFunctions;
		};
		EFF75A51267B8F9300B470DC /* CreditCardScanner */ = {
			isa = XCSwiftPackageProductDependency;
			package = EFF75A50267B8F9300B470DC /* XCRemoteSwiftPackageReference "credit-card-scanner" */;
			productName = CreditCardScanner;
		};
/* End XCSwiftPackageProductDependency section */
	};
	rootObject = EFB3EE6C267A3E73003BDA1C /* Project object */;
}
